
Microsoft Visual Studio Solution File, Format Version 12.00
# Visual Studio Version 16
VisualStudioVersion = 16.0.30907.101
MinimumVisualStudioVersion = 10.0.40219.1
Project("{9A19103F-16F7-4668-BE54-9A1E7A4F7556}") = "myWebApp", "myWebApp.csproj", "{35DA8712-AEC4-4D70-9845-FCB3EDE8A4AB}"
EndProject
Global
	GlobalSection(SolutionConfigurationPlatforms) = preSolution
		Debug|Any CPU = Debug|Any CPU
		Release|Any CPU = Release|Any CPU
	EndGlobalSection
	GlobalSection(ProjectConfigurationPlatforms) = postSolution
		{35DA8712-AEC4-4D70-9845-FCB3EDE8A4AB}.Debug|Any CPU.ActiveCfg = Debug|Any CPU
		{35DA8712-AEC4-4D70-9845-FCB3EDE8A4AB}.Debug|Any CPU.Build.0 = Debug|Any CPU
		{35DA8712-AEC4-4D70-9845-FCB3EDE8A4AB}.Release|Any CPU.ActiveCfg = Release|Any CPU
		{35DA8712-AEC4-4D70-9845-FCB3EDE8A4AB}.Release|Any CPU.Build.0 = Release|Any CPU
	EndGlobalSection
	GlobalSection(SolutionProperties) = preSolution
		HideSolutionNode = FALSE
	EndGlobalSection
	GlobalSection(ExtensibilityGlobals) = postSolution
		SolutionGuid = {FF43A359-8B1A-4AB8-B599-C0E8DA3788AF}
	EndGlobalSection
EndGlobal
